
Microsoft Visual Studio Solution File, Format Version 12.00
Project("{FAE04EC0-301F-11D3-BF4B-00C04F79EFBC}") = "Program", "Program\Program.csproj", "{0D73607E-234A-421A-8BF3-B49700ED5A88}"
EndProject
Project("{2150E333-8FDC-42A3-9474-1A3956D46DE8}") = "common", "common", "{E0463FEF-CFBD-4F1B-A3A8-3D437751007B}"
	ProjectSection(SolutionItems) = preProject
		.editorconfig = .editorconfig
		Directory.Build.props = Directory.Build.props
		Directory.Packages.props = Directory.Packages.props
	EndProjectSection
EndProject
Project("{2150E333-8FDC-42A3-9474-1A3956D46DE8}") = "src", "src", "{9346D022-11F0-49B3-A555-8B3C278F2DB8}"
EndProject
Project("{2150E333-8FDC-42A3-9474-1A3956D46DE8}") = "Application", "Application", "{1B02996C-600E-4EA8-AC90-FA6047004B5F}"
EndProject
Project("{2150E333-8FDC-42A3-9474-1A3956D46DE8}") = "Infrastructure", "Infrastructure", "{5D11E633-B40D-4C6D-93CA-5E17BEB9B503}"
EndProject
Project("{2150E333-8FDC-42A3-9474-1A3956D46DE8}") = "Presentation", "Presentation", "{7870E767-7521-4EF4-88C8-8070D967F71A}"
EndProject
Project("{FAE04EC0-301F-11D3-BF4B-00C04F79EFBC}") = "DataAccess", "DataAccess\DataAccess.csproj", "{BFDA883A-27D3-4646-9924-FDF5ECD68A73}"
EndProject
Project("{FAE04EC0-301F-11D3-BF4B-00C04F79EFBC}") = "TelegramBot", "TelegramBot\TelegramBot.csproj", "{28E0404F-B522-4AEB-8714-B36BCE15181D}"
EndProject
Project("{FAE04EC0-301F-11D3-BF4B-00C04F79EFBC}") = "Abstractions", "Abstractions\Abstractions.csproj", "{49FBF6F9-512F-4BBF-A5B9-0071B5EDCD7F}"
EndProject
Project("{FAE04EC0-301F-11D3-BF4B-00C04F79EFBC}") = "App", "App\App.csproj", "{B7EAAB35-8D12-4098-ACFB-A0256F2ABC65}"
EndProject
Project("{FAE04EC0-301F-11D3-BF4B-00C04F79EFBC}") = "Contracts", "Contracts\Contracts.csproj", "{83C164D4-82F1-4EC1-A529-34CADC840B82}"
EndProject
Project("{FAE04EC0-301F-11D3-BF4B-00C04F79EFBC}") = "Models", "Models\Models.csproj", "{30F88CCB-1880-474B-BC77-6B9E816A9CFB}"
EndProject
Global
	GlobalSection(SolutionConfigurationPlatforms) = preSolution
		Debug|Any CPU = Debug|Any CPU
		Release|Any CPU = Release|Any CPU
	EndGlobalSection
	GlobalSection(ProjectConfigurationPlatforms) = postSolution
		{0D73607E-234A-421A-8BF3-B49700ED5A88}.Debug|Any CPU.ActiveCfg = Debug|Any CPU
		{0D73607E-234A-421A-8BF3-B49700ED5A88}.Debug|Any CPU.Build.0 = Debug|Any CPU
		{0D73607E-234A-421A-8BF3-B49700ED5A88}.Release|Any CPU.ActiveCfg = Release|Any CPU
		{0D73607E-234A-421A-8BF3-B49700ED5A88}.Release|Any CPU.Build.0 = Release|Any CPU
		{BFDA883A-27D3-4646-9924-FDF5ECD68A73}.Debug|Any CPU.ActiveCfg = Debug|Any CPU
		{BFDA883A-27D3-4646-9924-FDF5ECD68A73}.Debug|Any CPU.Build.0 = Debug|Any CPU
		{BFDA883A-27D3-4646-9924-FDF5ECD68A73}.Release|Any CPU.ActiveCfg = Release|Any CPU
		{BFDA883A-27D3-4646-9924-FDF5ECD68A73}.Release|Any CPU.Build.0 = Release|Any CPU
		{28E0404F-B522-4AEB-8714-B36BCE15181D}.Debug|Any CPU.ActiveCfg = Debug|Any CPU
		{28E0404F-B522-4AEB-8714-B36BCE15181D}.Debug|Any CPU.Build.0 = Debug|Any CPU
		{28E0404F-B522-4AEB-8714-B36BCE15181D}.Release|Any CPU.ActiveCfg = Release|Any CPU
		{28E0404F-B522-4AEB-8714-B36BCE15181D}.Release|Any CPU.Build.0 = Release|Any CPU
		{49FBF6F9-512F-4BBF-A5B9-0071B5EDCD7F}.Debug|Any CPU.ActiveCfg = Debug|Any CPU
		{49FBF6F9-512F-4BBF-A5B9-0071B5EDCD7F}.Debug|Any CPU.Build.0 = Debug|Any CPU
		{49FBF6F9-512F-4BBF-A5B9-0071B5EDCD7F}.Release|Any CPU.ActiveCfg = Release|Any CPU
		{49FBF6F9-512F-4BBF-A5B9-0071B5EDCD7F}.Release|Any CPU.Build.0 = Release|Any CPU
		{B7EAAB35-8D12-4098-ACFB-A0256F2ABC65}.Debug|Any CPU.ActiveCfg = Debug|Any CPU
		{B7EAAB35-8D12-4098-ACFB-A0256F2ABC65}.Debug|Any CPU.Build.0 = Debug|Any CPU
		{B7EAAB35-8D12-4098-ACFB-A0256F2ABC65}.Release|Any CPU.ActiveCfg = Release|Any CPU
		{B7EAAB35-8D12-4098-ACFB-A0256F2ABC65}.Release|Any CPU.Build.0 = Release|Any CPU
		{83C164D4-82F1-4EC1-A529-34CADC840B82}.Debug|Any CPU.ActiveCfg = Debug|Any CPU
		{83C164D4-82F1-4EC1-A529-34CADC840B82}.Debug|Any CPU.Build.0 = Debug|Any CPU
		{83C164D4-82F1-4EC1-A529-34CADC840B82}.Release|Any CPU.ActiveCfg = Release|Any CPU
		{83C164D4-82F1-4EC1-A529-34CADC840B82}.Release|Any CPU.Build.0 = Release|Any CPU
		{30F88CCB-1880-474B-BC77-6B9E816A9CFB}.Debug|Any CPU.ActiveCfg = Debug|Any CPU
		{30F88CCB-1880-474B-BC77-6B9E816A9CFB}.Debug|Any CPU.Build.0 = Debug|Any CPU
		{30F88CCB-1880-474B-BC77-6B9E816A9CFB}.Release|Any CPU.ActiveCfg = Release|Any CPU
		{30F88CCB-1880-474B-BC77-6B9E816A9CFB}.Release|Any CPU.Build.0 = Release|Any CPU
	EndGlobalSection
	GlobalSection(NestedProjects) = preSolution
		{0D73607E-234A-421A-8BF3-B49700ED5A88} = {9346D022-11F0-49B3-A555-8B3C278F2DB8}
		{1B02996C-600E-4EA8-AC90-FA6047004B5F} = {9346D022-11F0-49B3-A555-8B3C278F2DB8}
		{5D11E633-B40D-4C6D-93CA-5E17BEB9B503} = {9346D022-11F0-49B3-A555-8B3C278F2DB8}
		{7870E767-7521-4EF4-88C8-8070D967F71A} = {9346D022-11F0-49B3-A555-8B3C278F2DB8}
		{BFDA883A-27D3-4646-9924-FDF5ECD68A73} = {5D11E633-B40D-4C6D-93CA-5E17BEB9B503}
		{28E0404F-B522-4AEB-8714-B36BCE15181D} = {7870E767-7521-4EF4-88C8-8070D967F71A}
		{49FBF6F9-512F-4BBF-A5B9-0071B5EDCD7F} = {1B02996C-600E-4EA8-AC90-FA6047004B5F}
		{B7EAAB35-8D12-4098-ACFB-A0256F2ABC65} = {1B02996C-600E-4EA8-AC90-FA6047004B5F}
		{83C164D4-82F1-4EC1-A529-34CADC840B82} = {1B02996C-600E-4EA8-AC90-FA6047004B5F}
		{30F88CCB-1880-474B-BC77-6B9E816A9CFB} = {1B02996C-600E-4EA8-AC90-FA6047004B5F}
	EndGlobalSection
EndGlobal
